lockfileVersion: '9.0'

settings:
  autoInstallPeers: true
  excludeLinksFromLockfile: false

importers:

  .:
    dependencies:
      '@type-challenges/utils':
        specifier: ^0.1.1
        version: 0.1.1
      bcryptjs:
        specifier: ^3.0.2
        version: 3.0.2

packages:

  '@type-challenges/utils@0.1.1':
    resolution: {integrity: sha512-A7ljYfBM+FLw+NDyuYvGBJiCEV9c0lPWEAdzfOAkb3JFqfLl0Iv/WhWMMARHiRKlmmiD1g8gz/507yVvHdQUYA==}

  bcryptjs@3.0.2:
    resolution: {integrity: sha512-k38b3XOZKv60C4E2hVsXTolJWfkGRMbILBIe2IBITXciy5bOsTKot5kDrf3ZfufQtQOUN5mXceUEpU1rTl9Uog==}
    hasBin: true

snapshots:

  '@type-challenges/utils@0.1.1': {}

  bcryptjs@3.0.2: {}
